
Microsoft Visual Studio Solution File, Format Version 12.00
# Visual Studio 14
VisualStudioVersion = 14.0.24720.0
MinimumVisualStudioVersion = 10.0.40219.1
Project("{8BC9CEB8-8B4A-11D0-8D11-00A0C91BC942}") = "GL_TEST", "GL_TEST\GL_TEST\GL_TEST.vcxproj", "{2E8927B5-5E45-4DC1-8206-AC9898916D5F}"
EndProject
Project("{8BC9CEB8-8B4A-11D0-8D11-00A0C91BC942}") = "CONDtext", "CONDtext\CONDtext.vcxproj", "{731DF96E-2829-4736-85CF-A0D6D5CBE574}"
EndProject
Project("{8BC9CEB8-8B4A-11D0-8D11-00A0C91BC942}") = "TESTER", "TESTER\TESTER.vcxproj", "{15C8BAB6-20C8-46A4-9778-6FC1CCE296F9}"
EndProject
Project("{2150E333-8FDC-42A3-9474-1A3956D46DE8}") = "CONDITIONAL-TEXT", "CONDITIONAL-TEXT", "{E2A77F37-2871-4E8F-9C18-9DBC75AD8A06}"
EndProject
Project("{8BC9CEB8-8B4A-11D0-8D11-00A0C91BC942}") = "CONDtextGEN", "CONDtext\CONDtextGEN\CONDtextGEN.vcxproj", "{5EE538BE-6610-4BF0-93B9-A95982043910}"
EndProject
Project("{8BC9CEB8-8B4A-11D0-8D11-00A0C91BC942}") = "GROUGROUconsola", "LIB\GROUGROUconsola\GROUGROUconsola.vcxproj", "{F847CFF5-C382-4908-9539-D1E58FDE21C1}"
EndProject
Project("{8BC9CEB8-8B4A-11D0-8D11-00A0C91BC942}") = "TilesetEditor", "2D_onigirix\TilesetEditor\TilesetEditor.vcxproj", "{4E111A64-2205-4516-BDE7-38DEF8B32EB0}"
EndProject
Global
	GlobalSection(SolutionConfigurationPlatforms) = preSolution
		Debug|ARM = Debug|ARM
		Debug|x64 = Debug|x64
		Debug|x86 = Debug|x86
		Release|ARM = Release|ARM
		Release|x64 = Release|x64
		Release|x86 = Release|x86
	EndGlobalSection
	GlobalSection(ProjectConfigurationPlatforms) = postSolution
		{2E8927B5-5E45-4DC1-8206-AC9898916D5F}.Debug|ARM.ActiveCfg = Debug|Win32
		{2E8927B5-5E45-4DC1-8206-AC9898916D5F}.Debug|x64.ActiveCfg = Debug|x64
		{2E8927B5-5E45-4DC1-8206-AC9898916D5F}.Debug|x64.Build.0 = Debug|x64
		{2E8927B5-5E45-4DC1-8206-AC9898916D5F}.Debug|x86.ActiveCfg = Release|Win32
		{2E8927B5-5E45-4DC1-8206-AC9898916D5F}.Debug|x86.Build.0 = Release|Win32
		{2E8927B5-5E45-4DC1-8206-AC9898916D5F}.Release|ARM.ActiveCfg = Release|Win32
		{2E8927B5-5E45-4DC1-8206-AC9898916D5F}.Release|x64.ActiveCfg = Release|x64
		{2E8927B5-5E45-4DC1-8206-AC9898916D5F}.Release|x64.Build.0 = Release|x64
		{2E8927B5-5E45-4DC1-8206-AC9898916D5F}.Release|x86.ActiveCfg = Release|Win32
		{2E8927B5-5E45-4DC1-8206-AC9898916D5F}.Release|x86.Build.0 = Release|Win32
		{731DF96E-2829-4736-85CF-A0D6D5CBE574}.Debug|ARM.ActiveCfg = Debug|Win32
		{731DF96E-2829-4736-85CF-A0D6D5CBE574}.Debug|x64.ActiveCfg = Debug|x64
		{731DF96E-2829-4736-85CF-A0D6D5CBE574}.Debug|x64.Build.0 = Debug|x64
		{731DF96E-2829-4736-85CF-A0D6D5CBE574}.Debug|x86.ActiveCfg = Debug|Win32
		{731DF96E-2829-4736-85CF-A0D6D5CBE574}.Debug|x86.Build.0 = Debug|Win32
		{731DF96E-2829-4736-85CF-A0D6D5CBE574}.Release|ARM.ActiveCfg = Release|Win32
		{731DF96E-2829-4736-85CF-A0D6D5CBE574}.Release|x64.ActiveCfg = Release|x64
		{731DF96E-2829-4736-85CF-A0D6D5CBE574}.Release|x64.Build.0 = Release|x64
		{731DF96E-2829-4736-85CF-A0D6D5CBE574}.Release|x86.ActiveCfg = Release|Win32
		{731DF96E-2829-4736-85CF-A0D6D5CBE574}.Release|x86.Build.0 = Release|Win32
		{15C8BAB6-20C8-46A4-9778-6FC1CCE296F9}.Debug|ARM.ActiveCfg = Debug|Win32
		{15C8BAB6-20C8-46A4-9778-6FC1CCE296F9}.Debug|x64.ActiveCfg = Debug|x64
		{15C8BAB6-20C8-46A4-9778-6FC1CCE296F9}.Debug|x64.Build.0 = Debug|x64
		{15C8BAB6-20C8-46A4-9778-6FC1CCE296F9}.Debug|x86.ActiveCfg = Debug|Win32
		{15C8BAB6-20C8-46A4-9778-6FC1CCE296F9}.Debug|x86.Build.0 = Debug|Win32
		{15C8BAB6-20C8-46A4-9778-6FC1CCE296F9}.Release|ARM.ActiveCfg = Release|Win32
		{15C8BAB6-20C8-46A4-9778-6FC1CCE296F9}.Release|x64.ActiveCfg = Release|x64
		{15C8BAB6-20C8-46A4-9778-6FC1CCE296F9}.Release|x64.Build.0 = Release|x64
		{15C8BAB6-20C8-46A4-9778-6FC1CCE296F9}.Release|x86.ActiveCfg = Release|Win32
		{15C8BAB6-20C8-46A4-9778-6FC1CCE296F9}.Release|x86.Build.0 = Release|Win32
		{5EE538BE-6610-4BF0-93B9-A95982043910}.Debug|ARM.ActiveCfg = Debug|Win32
		{5EE538BE-6610-4BF0-93B9-A95982043910}.Debug|x64.ActiveCfg = Debug|x64
		{5EE538BE-6610-4BF0-93B9-A95982043910}.Debug|x64.Build.0 = Debug|x64
		{5EE538BE-6610-4BF0-93B9-A95982043910}.Debug|x86.ActiveCfg = Debug|Win32
		{5EE538BE-6610-4BF0-93B9-A95982043910}.Debug|x86.Build.0 = Debug|Win32
		{5EE538BE-6610-4BF0-93B9-A95982043910}.Release|ARM.ActiveCfg = Release|Win32
		{5EE538BE-6610-4BF0-93B9-A95982043910}.Release|x64.ActiveCfg = Release|x64
		{5EE538BE-6610-4BF0-93B9-A95982043910}.Release|x64.Build.0 = Release|x64
		{5EE538BE-6610-4BF0-93B9-A95982043910}.Release|x86.ActiveCfg = Release|Win32
		{5EE538BE-6610-4BF0-93B9-A95982043910}.Release|x86.Build.0 = Release|Win32
		{F847CFF5-C382-4908-9539-D1E58FDE21C1}.Debug|ARM.ActiveCfg = Debug|Win32
		{F847CFF5-C382-4908-9539-D1E58FDE21C1}.Debug|x64.ActiveCfg = Debug|x64
		{F847CFF5-C382-4908-9539-D1E58FDE21C1}.Debug|x64.Build.0 = Debug|x64
		{F847CFF5-C382-4908-9539-D1E58FDE21C1}.Debug|x86.ActiveCfg = Debug|Win32
		{F847CFF5-C382-4908-9539-D1E58FDE21C1}.Debug|x86.Build.0 = Debug|Win32
		{F847CFF5-C382-4908-9539-D1E58FDE21C1}.Release|ARM.ActiveCfg = Release|Win32
		{F847CFF5-C382-4908-9539-D1E58FDE21C1}.Release|x64.ActiveCfg = Release|x64
		{F847CFF5-C382-4908-9539-D1E58FDE21C1}.Release|x64.Build.0 = Release|x64
		{F847CFF5-C382-4908-9539-D1E58FDE21C1}.Release|x86.ActiveCfg = Release|Win32
		{F847CFF5-C382-4908-9539-D1E58FDE21C1}.Release|x86.Build.0 = Release|Win32
		{4E111A64-2205-4516-BDE7-38DEF8B32EB0}.Debug|ARM.ActiveCfg = Debug|Win32
		{4E111A64-2205-4516-BDE7-38DEF8B32EB0}.Debug|x64.ActiveCfg = Debug|x64
		{4E111A64-2205-4516-BDE7-38DEF8B32EB0}.Debug|x64.Build.0 = Debug|x64
		{4E111A64-2205-4516-BDE7-38DEF8B32EB0}.Debug|x86.ActiveCfg = Debug|Win32
		{4E111A64-2205-4516-BDE7-38DEF8B32EB0}.Debug|x86.Build.0 = Debug|Win32
		{4E111A64-2205-4516-BDE7-38DEF8B32EB0}.Release|ARM.ActiveCfg = Release|Win32
		{4E111A64-2205-4516-BDE7-38DEF8B32EB0}.Release|x64.ActiveCfg = Release|x64
		{4E111A64-2205-4516-BDE7-38DEF8B32EB0}.Release|x64.Build.0 = Release|x64
		{4E111A64-2205-4516-BDE7-38DEF8B32EB0}.Release|x86.ActiveCfg = Release|Win32
		{4E111A64-2205-4516-BDE7-38DEF8B32EB0}.Release|x86.Build.0 = Release|Win32
	EndGlobalSection
	GlobalSection(SolutionProperties) = preSolution
		HideSolutionNode = FALSE
	EndGlobalSection
	GlobalSection(NestedProjects) = preSolution
		{731DF96E-2829-4736-85CF-A0D6D5CBE574} = {E2A77F37-2871-4E8F-9C18-9DBC75AD8A06}
		{5EE538BE-6610-4BF0-93B9-A95982043910} = {E2A77F37-2871-4E8F-9C18-9DBC75AD8A06}
		{F847CFF5-C382-4908-9539-D1E58FDE21C1} = {E2A77F37-2871-4E8F-9C18-9DBC75AD8A06}
	EndGlobalSection
EndGlobal
